
Microsoft Visual Studio Solution File, Format Version 12.00
# Visual Studio Version 16
VisualStudioVersion = 16.0.29215.179
MinimumVisualStudioVersion = 10.0.40219.1
Project("{FAE04EC0-301F-11D3-BF4B-00C04F79EFBC}") = "Lab_03", "Lab_03\Lab_03.csproj", "{3631306A-3728-429D-8E7D-34DC40FE8843}"
EndProject
Global
	GlobalSection(SolutionConfigurationPlatforms) = preSolution
		Debug|Any CPU = Debug|Any CPU
		Release|Any CPU = Release|Any CPU
	EndGlobalSection
	GlobalSection(ProjectConfigurationPlatforms) = postSolution
		{3631306A-3728-429D-8E7D-34DC40FE8843}.Debug|Any CPU.ActiveCfg = Debug|Any CPU
		{3631306A-3728-429D-8E7D-34DC40FE8843}.Debug|Any CPU.Build.0 = Debug|Any CPU
		{3631306A-3728-429D-8E7D-34DC40FE8843}.Release|Any CPU.ActiveCfg = Release|Any CPU
		{3631306A-3728-429D-8E7D-34DC40FE8843}.Release|Any CPU.Build.0 = Release|Any CPU
	EndGlobalSection
	GlobalSection(SolutionProperties) = preSolution
		HideSolutionNode = FALSE
	EndGlobalSection
	GlobalSection(ExtensibilityGlobals) = postSolution
		SolutionGuid = {67DD3513-CB59-49CE-AE3D-339A19497433}
	EndGlobalSection
EndGlobal
